
Microsoft Visual Studio Solution File, Format Version 12.00
# Visual Studio 14
VisualStudioVersion = 14.0.23107.0
MinimumVisualStudioVersion = 10.0.40219.1
Project("{FAE04EC0-301F-11D3-BF4B-00C04F79EFBC}") = "WpfApplication", "WpfApplication\WpfApplication.csproj", "{E902E8DB-817D-42F7-8D04-8C38824E082D}"
EndProject
Project("{2150E333-8FDC-42A3-9474-1A3956D46DE8}") = "Solution Items", "Solution Items", "{90EC8AC5-AAED-4CE7-97E3-88D36DA9CADE}"
	ProjectSection(SolutionItems) = preProject
		.gitignore = .gitignore
	EndProjectSection
EndProject
Global
	GlobalSection(SolutionConfigurationPlatforms) = preSolution
		Debug|Any CPU = Debug|Any CPU
		Release|Any CPU = Release|Any CPU
	EndGlobalSection
	GlobalSection(ProjectConfigurationPlatforms) = postSolution
		{E902E8DB-817D-42F7-8D04-8C38824E082D}.Debug|Any CPU.ActiveCfg = Debug|Any CPU
		{E902E8DB-817D-42F7-8D04-8C38824E082D}.Debug|Any CPU.Build.0 = Debug|Any CPU
		{E902E8DB-817D-42F7-8D04-8C38824E082D}.Release|Any CPU.ActiveCfg = Release|Any CPU
		{E902E8DB-817D-42F7-8D04-8C38824E082D}.Release|Any CPU.Build.0 = Release|Any CPU
	EndGlobalSection
	GlobalSection(SolutionProperties) = preSolution
		HideSolutionNode = FALSE
	EndGlobalSection
EndGlobal
